{
  "name": "deepseek-webmcp",
  "version": "0.5.0",
  "lockfileVersion": 3,
  "requires": true,
  "packages": {
    "": {
      "name": "deepseek-webmcp",
      "version": "0.5.0",
      "license": "MIT",
      "devDependencies": {
        "browser-webmcp-e2e": "file:../browser-webmcp-e2e"
      },
      "engines": {
        "node": ">=22"
      }
    },
    "../browser-webmcp-e2e": {
      "version": "0.1.0",
      "dev": true,
      "dependencies": {
        "playwright-core": "1.63.0"
      },
      "engines": {
        "node": ">=22"
      }
    },
    "node_modules/browser-webmcp-e2e": {
      "resolved": "../browser-webmcp-e2e",
      "link": true
    }
  }
}
